
Microsoft Visual Studio Solution File, Format Version 12.00
# Visual Studio Version 17
VisualStudioVersion = 17.10.35027.167
MinimumVisualStudioVersion = 10.0.40219.1
Project("{FAE04EC0-301F-11D3-BF4B-00C04F79EFBC}") = "Api_Katmanlı", "Api_Katmanlı\Api_Katmanlı.csproj", "{AA0FC66B-866D-46FA-98BA-E56C8C8A3340}"
EndProject
Project("{FAE04EC0-301F-11D3-BF4B-00C04F79EFBC}") = "DAL", "DAL\DAL.csproj", "{89DB23C9-E5A4-4803-B736-9E1668F4DEDA}"
EndProject
Project("{FAE04EC0-301F-11D3-BF4B-00C04F79EFBC}") = "BLL", "BLL\BLL.csproj", "{33D6AA75-3FC5-479D-8743-B801B8DC4C2C}"
EndProject
Global
	GlobalSection(SolutionConfigurationPlatforms) = preSolution
		Debug|Any CPU = Debug|Any CPU
		Release|Any CPU = Release|Any CPU
	EndGlobalSection
	GlobalSection(ProjectConfigurationPlatforms) = postSolution
		{AA0FC66B-866D-46FA-98BA-E56C8C8A3340}.Debug|Any CPU.ActiveCfg = Debug|Any CPU
		{AA0FC66B-866D-46FA-98BA-E56C8C8A3340}.Debug|Any CPU.Build.0 = Debug|Any CPU
		{AA0FC66B-866D-46FA-98BA-E56C8C8A3340}.Release|Any CPU.ActiveCfg = Release|Any CPU
		{AA0FC66B-866D-46FA-98BA-E56C8C8A3340}.Release|Any CPU.Build.0 = Release|Any CPU
		{89DB23C9-E5A4-4803-B736-9E1668F4DEDA}.Debug|Any CPU.ActiveCfg = Debug|Any CPU
		{89DB23C9-E5A4-4803-B736-9E1668F4DEDA}.Debug|Any CPU.Build.0 = Debug|Any CPU
		{89DB23C9-E5A4-4803-B736-9E1668F4DEDA}.Release|Any CPU.ActiveCfg = Release|Any CPU
		{89DB23C9-E5A4-4803-B736-9E1668F4DEDA}.Release|Any CPU.Build.0 = Release|Any CPU
		{33D6AA75-3FC5-479D-8743-B801B8DC4C2C}.Debug|Any CPU.ActiveCfg = Debug|Any CPU
		{33D6AA75-3FC5-479D-8743-B801B8DC4C2C}.Debug|Any CPU.Build.0 = Debug|Any CPU
		{33D6AA75-3FC5-479D-8743-B801B8DC4C2C}.Release|Any CPU.ActiveCfg = Release|Any CPU
		{33D6AA75-3FC5-479D-8743-B801B8DC4C2C}.Release|Any CPU.Build.0 = Release|Any CPU
	EndGlobalSection
	GlobalSection(SolutionProperties) = preSolution
		HideSolutionNode = FALSE
	EndGlobalSection
	GlobalSection(ExtensibilityGlobals) = postSolution
		SolutionGuid = {AA59AC78-DAEF-4916-8073-D49FA67113B5}
	EndGlobalSection
EndGlobal
